
Microsoft Visual Studio Solution File, Format Version 10.00
# Visual Studio 2008
Project("{FAE04EC0-301F-11D3-BF4B-00C04F79EFBC}") = "wpf", "wpf.csproj", "{B6ADD3B1-359B-4ED9-93F7-CF3282C99C12}"
EndProject
Global
	GlobalSection(SolutionConfigurationPlatforms) = preSolution
		Debug|Any CPU = Debug|Any CPU
		Release|Any CPU = Release|Any CPU
		Silverlight Release|Any CPU = Silverlight Release|Any CPU
	EndGlobalSection
	GlobalSection(ProjectConfigurationPlatforms) = postSolution
		{B6ADD3B1-359B-4ED9-93F7-CF3282C99C12}.Debug|Any CPU.ActiveCfg = Debug|Any CPU
		{B6ADD3B1-359B-4ED9-93F7-CF3282C99C12}.Debug|Any CPU.Build.0 = Debug|Any CPU
		{B6ADD3B1-359B-4ED9-93F7-CF3282C99C12}.Release|Any CPU.ActiveCfg = Release|Any CPU
		{B6ADD3B1-359B-4ED9-93F7-CF3282C99C12}.Release|Any CPU.Build.0 = Release|Any CPU
		{B6ADD3B1-359B-4ED9-93F7-CF3282C99C12}.Silverlight Release|Any CPU.ActiveCfg = Silverlight Release|Any CPU
		{B6ADD3B1-359B-4ED9-93F7-CF3282C99C12}.Silverlight Release|Any CPU.Build.0 = Silverlight Release|Any CPU
	EndGlobalSection
	GlobalSection(SolutionProperties) = preSolution
		HideSolutionNode = FALSE
	EndGlobalSection
EndGlobal
